
Microsoft Visual Studio Solution File, Format Version 12.00
# Visual Studio Version 17
VisualStudioVersion = 17.9.34622.214
MinimumVisualStudioVersion = 10.0.40219.1
Project("{FAE04EC0-301F-11D3-BF4B-00C04F79EFBC}") = "TimeProductivityTracking.web", "TimeProductivityTracking.web.csproj", "{F08BF27E-1900-4D0B-888F-59862435B485}"
EndProject
Global
	GlobalSection(SolutionConfigurationPlatforms) = preSolution
		Debug|Any CPU = Debug|Any CPU
		Release|Any CPU = Release|Any CPU
	EndGlobalSection
	GlobalSection(ProjectConfigurationPlatforms) = postSolution
		{F08BF27E-1900-4D0B-888F-59862435B485}.Debug|Any CPU.ActiveCfg = Debug|Any CPU
		{F08BF27E-1900-4D0B-888F-59862435B485}.Debug|Any CPU.Build.0 = Debug|Any CPU
		{F08BF27E-1900-4D0B-888F-59862435B485}.Release|Any CPU.ActiveCfg = Release|Any CPU
		{F08BF27E-1900-4D0B-888F-59862435B485}.Release|Any CPU.Build.0 = Release|Any CPU
	EndGlobalSection
	GlobalSection(SolutionProperties) = preSolution
		HideSolutionNode = FALSE
	EndGlobalSection
	GlobalSection(ExtensibilityGlobals) = postSolution
		SolutionGuid = {8492B4D4-1F65-4991-AFA6-915C5ED42DD3}
	EndGlobalSection
EndGlobal
